
Microsoft Visual Studio Solution File, Format Version 12.00
# Visual Studio 2013
VisualStudioVersion = 12.0.31101.0
MinimumVisualStudioVersion = 10.0.40219.1
Project("{FAE04EC0-301F-11D3-BF4B-00C04F79EFBC}") = "ODM.Shell", "..\src\ODM.Shell\ODM.Shell.csproj", "{1BD10456-A8D7-4210-9FB9-1C1E7F471161}"
EndProject
Project("{FAE04EC0-301F-11D3-BF4B-00C04F79EFBC}") = "ODM.Presentation.ViewModels", "..\src\ODM.Presentation.ViewModels\ODM.Presentation.ViewModels.csproj", "{C53CB4C8-B9A9-4651-A851-0537D2D78F62}"
EndProject
Project("{FAE04EC0-301F-11D3-BF4B-00C04F79EFBC}") = "ODM.Domain", "..\src\ODM.Domain\ODM.Domain.csproj", "{FBBB5670-5AF9-4E53-BEAD-8F30264CCF3B}"
EndProject
Project("{FAE04EC0-301F-11D3-BF4B-00C04F79EFBC}") = "ODM.Infrastructure", "..\src\ODM.Infrastructure\ODM.Infrastructure.csproj", "{0F206D5B-FA59-4739-B737-2C138F1347B9}"
EndProject
Project("{FAE04EC0-301F-11D3-BF4B-00C04F79EFBC}") = "ODM.Application", "..\src\ODM.Application\ODM.Application.csproj", "{371CA622-7778-46F1-986E-4979044FC148}"
EndProject
Project("{FAE04EC0-301F-11D3-BF4B-00C04F79EFBC}") = "ODM.Presentation.Views", "..\src\ODM.Presentation.Views\ODM.Presentation.Views.csproj", "{53217C52-51D0-429C-87CE-83646CCBE2AC}"
EndProject
Project("{FAE04EC0-301F-11D3-BF4B-00C04F79EFBC}") = "ODM.Layout", "..\src\ODM.Layout\ODM.Layout.csproj", "{2AEDC0E6-B075-4F1B-90AB-567ADDEE209F}"
EndProject
Project("{FAE04EC0-301F-11D3-BF4B-00C04F79EFBC}") = "ODM.ModuleCatalogs", "..\src\ODM.ModuleCatalogs\ODM.ModuleCatalogs.csproj", "{39262D47-1E60-4399-B18E-3D9B8FFC1593}"
EndProject
Project("{2150E333-8FDC-42A3-9474-1A3956D46DE8}") = "Common", "Common", "{1991DECE-92BB-4567-AD64-14CA40FFB49F}"
EndProject
Project("{FAE04EC0-301F-11D3-BF4B-00C04F79EFBC}") = "Hdc.Toolkit", "..\src\Hdc.Toolkit\Hdc.Toolkit.csproj", "{2AEABE20-5E8F-4310-A228-66BD3D434683}"
EndProject
Project("{FAE04EC0-301F-11D3-BF4B-00C04F79EFBC}") = "Hdc.Toolkit.EF", "..\src\Hdc.Toolkit.EF\Hdc.Toolkit.EF.csproj", "{5A22636B-D6AB-4AFA-B892-D0BB83029F15}"
EndProject
Project("{FAE04EC0-301F-11D3-BF4B-00C04F79EFBC}") = "Hdc.Toolkit.Prism", "..\src\Hdc.Toolkit.Prism\Hdc.Toolkit.Prism.csproj", "{AD8670C0-923C-4F6E-B38F-37C81FA163BC}"
EndProject
Project("{FAE04EC0-301F-11D3-BF4B-00C04F79EFBC}") = "Hdc.Toolkit.AutoMapper", "..\src\Hdc.Toolkit.AutoMapper\Hdc.Toolkit.AutoMapper.csproj", "{1D8BC5DD-266D-47D0-B973-601C631B1620}"
EndProject
Project("{FAE04EC0-301F-11D3-BF4B-00C04F79EFBC}") = "Hdc.Mercury", "..\src\Hdc.Mercury\Hdc.Mercury.csproj", "{D72F14A9-4848-4405-AA6E-99EBF8213609}"
EndProject
Project("{FAE04EC0-301F-11D3-BF4B-00C04F79EFBC}") = "Hdc.Mercury.Communication.OPC.Xi", "..\src\Hdc.Mercury.Communication.OPC.Xi\Hdc.Mercury.Communication.OPC.Xi.csproj", "{D93EE329-68D8-48FE-873E-E632B12D5B03}"
EndProject
Project("{FAE04EC0-301F-11D3-BF4B-00C04F79EFBC}") = "Hdc.Mercury.Navigation", "..\src\Hdc.Mercury.Navigation\Hdc.Mercury.Navigation.csproj", "{0BFA173E-D007-4582-BAC9-88162FCE2FBD}"
EndProject
Project("{FAE04EC0-301F-11D3-BF4B-00C04F79EFBC}") = "Hdc.Controls", "..\src\Hdc.Controls\Hdc.Controls.csproj", "{28619ECB-99C1-463C-9BEB-98EE74D594E7}"
EndProject
Project("{FAE04EC0-301F-11D3-BF4B-00C04F79EFBC}") = "ODM.Boot", "..\src\ODM.Boot\ODM.Boot.csproj", "{5A62B1D9-F0F9-45D1-9CDB-ABAE7122359C}"
EndProject
Project("{FAE04EC0-301F-11D3-BF4B-00C04F79EFBC}") = "ODM.Controls", "..\src\ODM.Controls\ODM.Controls.csproj", "{33C9374E-433D-45D9-BD06-FD534B5D70A2}"
EndProject
Project("{FAE04EC0-301F-11D3-BF4B-00C04F79EFBC}") = "Hdc.Mercury.SchemaConverter.Xaml", "..\src\Hdc.Mercury.SchemaConverter.Xaml\Hdc.Mercury.SchemaConverter.Xaml.csproj", "{DCF80199-C116-49F7-9253-866295108331}"
EndProject
Project("{FAE04EC0-301F-11D3-BF4B-00C04F79EFBC}") = "ODM.Build", "..\src\ODM.Build\ODM.Build.csproj", "{017710B5-7EAE-4BEF-9483-AF1872711F76}"
EndProject
Project("{2150E333-8FDC-42A3-9474-1A3956D46DE8}") = ".build", ".build", "{0D34A4CA-D414-4842-AB42-FEF83ABA1C4D}"
	ProjectSection(SolutionItems) = preProject
		Build.proj = Build.proj
		.build\MSBuild.Community.Tasks.dll = .build\MSBuild.Community.Tasks.dll
		.build\MSBuild.Community.Tasks.targets = .build\MSBuild.Community.Tasks.targets
	EndProjectSection
EndProject
Project("{8BC9CEB8-8B4A-11D0-8D11-00A0C91BC942}") = "MvInspection.Matrox.NativeApi", "..\src\MvInspection.Matrox.NativeApi\MvInspection.Matrox.NativeApi.vcxproj", "{D5D09FC0-0C7F-4A1E-AD3D-79C1BBC6CEEB}"
EndProject
Project("{FAE04EC0-301F-11D3-BF4B-00C04F79EFBC}") = "MvInspection.Matrox.NativeApi.Interop", "..\src\MvInspection.Matrox.NativeApi.Interop\MvInspection.Matrox.NativeApi.Interop.csproj", "{1FED39FE-3A83-46B3-91A0-4A733D902847}"
EndProject
Project("{8BC9CEB8-8B4A-11D0-8D11-00A0C91BC942}") = "MvInspection.Matrox.NativeApi.Simulation", "..\src\MvInspection.Matrox.NativeApi.Simulation\MvInspection.Matrox.NativeApi.Simulation.vcxproj", "{AEE8F16E-54F2-4318-8218-1096EBAED7EA}"
EndProject
Project("{FAE04EC0-301F-11D3-BF4B-00C04F79EFBC}") = "MvInspection.Matrox.NativeApi.Interop.TestApp", "..\src\MvInspection.Matrox.NativeApi.Interop.TestApp\MvInspection.Matrox.NativeApi.Interop.TestApp.csproj", "{35FA5CAE-1004-49BE-B97F-443A2E1C25C8}"
EndProject
Project("{2150E333-8FDC-42A3-9474-1A3956D46DE8}") = "NativeAPIs", "NativeAPIs", "{9D823FFF-BB56-4FC8-A564-A729098B7634}"
EndProject
Project("{FAE04EC0-301F-11D3-BF4B-00C04F79EFBC}") = "Hdc.Mv", "..\src\Hdc.Mv\Hdc.Mv.csproj", "{1345186B-AF53-4DB9-A1D9-64EC7F14EE2F}"
EndProject
Project("{FAE04EC0-301F-11D3-BF4B-00C04F79EFBC}") = "Hdc.Mv.Inspection.Halcon.SampleApp", "..\src\Hdc.Mv.Inspection.Halcon.SampleApp\Hdc.Mv.Inspection.Halcon.SampleApp.csproj", "{9CC453F9-04C5-4E34-A749-C04ADCE99BB5}"
EndProject
Project("{FAE04EC0-301F-11D3-BF4B-00C04F79EFBC}") = "Hdc.Mv.Inspection.Halcon.BatchInspector", "..\src\Hdc.Mv.Inspection.Halcon.BatchInspector\Hdc.Mv.Inspection.Halcon.BatchInspector.csproj", "{9EE03764-4F87-4D27-9C2A-D54E0228C326}"
EndProject
Global
	GlobalSection(SolutionConfigurationPlatforms) = preSolution
		Debug|Any CPU = Debug|Any CPU
		Debug|Mixed Platforms = Debug|Mixed Platforms
		Debug|Win32 = Debug|Win32
		Debug|x64 = Debug|x64
		Debug|x86 = Debug|x86
		Release|Any CPU = Release|Any CPU
		Release|Mixed Platforms = Release|Mixed Platforms
		Release|Win32 = Release|Win32
		Release|x64 = Release|x64
		Release|x86 = Release|x86
	EndGlobalSection
	GlobalSection(ProjectConfigurationPlatforms) = postSolution
		{1BD10456-A8D7-4210-9FB9-1C1E7F471161}.Debug|Any CPU.ActiveCfg = Debug|Any CPU
		{1BD10456-A8D7-4210-9FB9-1C1E7F471161}.Debug|Any CPU.Build.0 = Debug|Any CPU
		{1BD10456-A8D7-4210-9FB9-1C1E7F471161}.Debug|Mixed Platforms.ActiveCfg = Debug|Any CPU
		{1BD10456-A8D7-4210-9FB9-1C1E7F471161}.Debug|Mixed Platforms.Build.0 = Debug|Any CPU
		{1BD10456-A8D7-4210-9FB9-1C1E7F471161}.Debug|Win32.ActiveCfg = Debug|Any CPU
		{1BD10456-A8D7-4210-9FB9-1C1E7F471161}.Debug|x64.ActiveCfg = Debug|Any CPU
		{1BD10456-A8D7-4210-9FB9-1C1E7F471161}.Debug|x86.ActiveCfg = Debug|Any CPU
		{1BD10456-A8D7-4210-9FB9-1C1E7F471161}.Release|Any CPU.ActiveCfg = Release|Any CPU
		{1BD10456-A8D7-4210-9FB9-1C1E7F471161}.Release|Any CPU.Build.0 = Release|Any CPU
		{1BD10456-A8D7-4210-9FB9-1C1E7F471161}.Release|Mixed Platforms.ActiveCfg = Release|Any CPU
		{1BD10456-A8D7-4210-9FB9-1C1E7F471161}.Release|Mixed Platforms.Build.0 = Release|Any CPU
		{1BD10456-A8D7-4210-9FB9-1C1E7F471161}.Release|Win32.ActiveCfg = Release|Any CPU
		{1BD10456-A8D7-4210-9FB9-1C1E7F471161}.Release|x64.ActiveCfg = Release|Any CPU
		{1BD10456-A8D7-4210-9FB9-1C1E7F471161}.Release|x86.ActiveCfg = Release|Any CPU
		{C53CB4C8-B9A9-4651-A851-0537D2D78F62}.Debug|Any CPU.ActiveCfg = Debug|Any CPU
		{C53CB4C8-B9A9-4651-A851-0537D2D78F62}.Debug|Any CPU.Build.0 = Debug|Any CPU
		{C53CB4C8-B9A9-4651-A851-0537D2D78F62}.Debug|Mixed Platforms.ActiveCfg = Debug|Any CPU
		{C53CB4C8-B9A9-4651-A851-0537D2D78F62}.Debug|Mixed Platforms.Build.0 = Debug|Any CPU
		{C53CB4C8-B9A9-4651-A851-0537D2D78F62}.Debug|Win32.ActiveCfg = Debug|Any CPU
		{C53CB4C8-B9A9-4651-A851-0537D2D78F62}.Debug|x64.ActiveCfg = Debug|Any CPU
		{C53CB4C8-B9A9-4651-A851-0537D2D78F62}.Debug|x86.ActiveCfg = Debug|Any CPU
		{C53CB4C8-B9A9-4651-A851-0537D2D78F62}.Release|Any CPU.ActiveCfg = Release|Any CPU
		{C53CB4C8-B9A9-4651-A851-0537D2D78F62}.Release|Any CPU.Build.0 = Release|Any CPU
		{C53CB4C8-B9A9-4651-A851-0537D2D78F62}.Release|Mixed Platforms.ActiveCfg = Release|Any CPU
		{C53CB4C8-B9A9-4651-A851-0537D2D78F62}.Release|Mixed Platforms.Build.0 = Release|Any CPU
		{C53CB4C8-B9A9-4651-A851-0537D2D78F62}.Release|Win32.ActiveCfg = Release|Any CPU
		{C53CB4C8-B9A9-4651-A851-0537D2D78F62}.Release|x64.ActiveCfg = Release|Any CPU
		{C53CB4C8-B9A9-4651-A851-0537D2D78F62}.Release|x86.ActiveCfg = Release|Any CPU
		{FBBB5670-5AF9-4E53-BEAD-8F30264CCF3B}.Debug|Any CPU.ActiveCfg = Debug|Any CPU
		{FBBB5670-5AF9-4E53-BEAD-8F30264CCF3B}.Debug|Any CPU.Build.0 = Debug|Any CPU
		{FBBB5670-5AF9-4E53-BEAD-8F30264CCF3B}.Debug|Mixed Platforms.ActiveCfg = Debug|Any CPU
		{FBBB5670-5AF9-4E53-BEAD-8F30264CCF3B}.Debug|Mixed Platforms.Build.0 = Debug|Any CPU
		{FBBB5670-5AF9-4E53-BEAD-8F30264CCF3B}.Debug|Win32.ActiveCfg = Debug|Any CPU
		{FBBB5670-5AF9-4E53-BEAD-8F30264CCF3B}.Debug|x64.ActiveCfg = Debug|Any CPU
		{FBBB5670-5AF9-4E53-BEAD-8F30264CCF3B}.Debug|x86.ActiveCfg = Debug|Any CPU
		{FBBB5670-5AF9-4E53-BEAD-8F30264CCF3B}.Release|Any CPU.ActiveCfg = Release|Any CPU
		{FBBB5670-5AF9-4E53-BEAD-8F30264CCF3B}.Release|Any CPU.Build.0 = Release|Any CPU
		{FBBB5670-5AF9-4E53-BEAD-8F30264CCF3B}.Release|Mixed Platforms.ActiveCfg = Release|Any CPU
		{FBBB5670-5AF9-4E53-BEAD-8F30264CCF3B}.Release|Mixed Platforms.Build.0 = Release|Any CPU
		{FBBB5670-5AF9-4E53-BEAD-8F30264CCF3B}.Release|Win32.ActiveCfg = Release|Any CPU
		{FBBB5670-5AF9-4E53-BEAD-8F30264CCF3B}.Release|x64.ActiveCfg = Release|Any CPU
		{FBBB5670-5AF9-4E53-BEAD-8F30264CCF3B}.Release|x86.ActiveCfg = Release|Any CPU
		{0F206D5B-FA59-4739-B737-2C138F1347B9}.Debug|Any CPU.ActiveCfg = Debug|Any CPU
		{0F206D5B-FA59-4739-B737-2C138F1347B9}.Debug|Any CPU.Build.0 = Debug|Any CPU
		{0F206D5B-FA59-4739-B737-2C138F1347B9}.Debug|Mixed Platforms.ActiveCfg = Debug|Any CPU
		{0F206D5B-FA59-4739-B737-2C138F1347B9}.Debug|Mixed Platforms.Build.0 = Debug|Any CPU
		{0F206D5B-FA59-4739-B737-2C138F1347B9}.Debug|Win32.ActiveCfg = Debug|Any CPU
		{0F206D5B-FA59-4739-B737-2C138F1347B9}.Debug|x64.ActiveCfg = Debug|Any CPU
		{0F206D5B-FA59-4739-B737-2C138F1347B9}.Debug|x86.ActiveCfg = Debug|Any CPU
		{0F206D5B-FA59-4739-B737-2C138F1347B9}.Release|Any CPU.ActiveCfg = Release|Any CPU
		{0F206D5B-FA59-4739-B737-2C138F1347B9}.Release|Any CPU.Build.0 = Release|Any CPU
		{0F206D5B-FA59-4739-B737-2C138F1347B9}.Release|Mixed Platforms.ActiveCfg = Release|Any CPU
		{0F206D5B-FA59-4739-B737-2C138F1347B9}.Release|Mixed Platforms.Build.0 = Release|Any CPU
		{0F206D5B-FA59-4739-B737-2C138F1347B9}.Release|Win32.ActiveCfg = Release|Any CPU
		{0F206D5B-FA59-4739-B737-2C138F1347B9}.Release|x64.ActiveCfg = Release|Any CPU
		{0F206D5B-FA59-4739-B737-2C138F1347B9}.Release|x86.ActiveCfg = Release|Any CPU
		{371CA622-7778-46F1-986E-4979044FC148}.Debug|Any CPU.ActiveCfg = Debug|Any CPU
		{371CA622-7778-46F1-986E-4979044FC148}.Debug|Any CPU.Build.0 = Debug|Any CPU
		{371CA622-7778-46F1-986E-4979044FC148}.Debug|Mixed Platforms.ActiveCfg = Debug|Any CPU
		{371CA622-7778-46F1-986E-4979044FC148}.Debug|Mixed Platforms.Build.0 = Debug|Any CPU
		{371CA622-7778-46F1-986E-4979044FC148}.Debug|Win32.ActiveCfg = Debug|Any CPU
		{371CA622-7778-46F1-986E-4979044FC148}.Debug|x64.ActiveCfg = Debug|Any CPU
		{371CA622-7778-46F1-986E-4979044FC148}.Debug|x86.ActiveCfg = Debug|Any CPU
		{371CA622-7778-46F1-986E-4979044FC148}.Release|Any CPU.ActiveCfg = Release|Any CPU
		{371CA622-7778-46F1-986E-4979044FC148}.Release|Any CPU.Build.0 = Release|Any CPU
		{371CA622-7778-46F1-986E-4979044FC148}.Release|Mixed Platforms.ActiveCfg = Release|Any CPU
		{371CA622-7778-46F1-986E-4979044FC148}.Release|Mixed Platforms.Build.0 = Release|Any CPU
		{371CA622-7778-46F1-986E-4979044FC148}.Release|Win32.ActiveCfg = Release|Any CPU
		{371CA622-7778-46F1-986E-4979044FC148}.Release|x64.ActiveCfg = Release|Any CPU
		{371CA622-7778-46F1-986E-4979044FC148}.Release|x86.ActiveCfg = Release|Any CPU
		{53217C52-51D0-429C-87CE-83646CCBE2AC}.Debug|Any CPU.ActiveCfg = Debug|Any CPU
		{53217C52-51D0-429C-87CE-83646CCBE2AC}.Debug|Any CPU.Build.0 = Debug|Any CPU
		{53217C52-51D0-429C-87CE-83646CCBE2AC}.Debug|Mixed Platforms.ActiveCfg = Debug|Any CPU
		{53217C52-51D0-429C-87CE-83646CCBE2AC}.Debug|Mixed Platforms.Build.0 = Debug|Any CPU
		{53217C52-51D0-429C-87CE-83646CCBE2AC}.Debug|Win32.ActiveCfg = Debug|Any CPU
		{53217C52-51D0-429C-87CE-83646CCBE2AC}.Debug|x64.ActiveCfg = Debug|Any CPU
		{53217C52-51D0-429C-87CE-83646CCBE2AC}.Debug|x86.ActiveCfg = Debug|Any CPU
		{53217C52-51D0-429C-87CE-83646CCBE2AC}.Release|Any CPU.ActiveCfg = Release|Any CPU
		{53217C52-51D0-429C-87CE-83646CCBE2AC}.Release|Any CPU.Build.0 = Release|Any CPU
		{53217C52-51D0-429C-87CE-83646CCBE2AC}.Release|Mixed Platforms.ActiveCfg = Release|Any CPU
		{53217C52-51D0-429C-87CE-83646CCBE2AC}.Release|Mixed Platforms.Build.0 = Release|Any CPU
		{53217C52-51D0-429C-87CE-83646CCBE2AC}.Release|Win32.ActiveCfg = Release|Any CPU
		{53217C52-51D0-429C-87CE-83646CCBE2AC}.Release|x64.ActiveCfg = Release|Any CPU
		{53217C52-51D0-429C-87CE-83646CCBE2AC}.Release|x86.ActiveCfg = Release|Any CPU
		{2AEDC0E6-B075-4F1B-90AB-567ADDEE209F}.Debug|Any CPU.ActiveCfg = Debug|Any CPU
		{2AEDC0E6-B075-4F1B-90AB-567ADDEE209F}.Debug|Any CPU.Build.0 = Debug|Any CPU
		{2AEDC0E6-B075-4F1B-90AB-567ADDEE209F}.Debug|Mixed Platforms.ActiveCfg = Debug|Any CPU
		{2AEDC0E6-B075-4F1B-90AB-567ADDEE209F}.Debug|Mixed Platforms.Build.0 = Debug|Any CPU
		{2AEDC0E6-B075-4F1B-90AB-567ADDEE209F}.Debug|Win32.ActiveCfg = Debug|Any CPU
		{2AEDC0E6-B075-4F1B-90AB-567ADDEE209F}.Debug|x64.ActiveCfg = Debug|Any CPU
		{2AEDC0E6-B075-4F1B-90AB-567ADDEE209F}.Debug|x86.ActiveCfg = Debug|Any CPU
		{2AEDC0E6-B075-4F1B-90AB-567ADDEE209F}.Release|Any CPU.ActiveCfg = Release|Any CPU
		{2AEDC0E6-B075-4F1B-90AB-567ADDEE209F}.Release|Any CPU.Build.0 = Release|Any CPU
		{2AEDC0E6-B075-4F1B-90AB-567ADDEE209F}.Release|Mixed Platforms.ActiveCfg = Release|Any CPU
		{2AEDC0E6-B075-4F1B-90AB-567ADDEE209F}.Release|Mixed Platforms.Build.0 = Release|Any CPU
		{2AEDC0E6-B075-4F1B-90AB-567ADDEE209F}.Release|Win32.ActiveCfg = Release|Any CPU
		{2AEDC0E6-B075-4F1B-90AB-567ADDEE209F}.Release|x64.ActiveCfg = Release|Any CPU
		{2AEDC0E6-B075-4F1B-90AB-567ADDEE209F}.Release|x86.ActiveCfg = Release|Any CPU
		{39262D47-1E60-4399-B18E-3D9B8FFC1593}.Debug|Any CPU.ActiveCfg = Debug|Any CPU
		{39262D47-1E60-4399-B18E-3D9B8FFC1593}.Debug|Any CPU.Build.0 = Debug|Any CPU
		{39262D47-1E60-4399-B18E-3D9B8FFC1593}.Debug|Mixed Platforms.ActiveCfg = Debug|Any CPU
		{39262D47-1E60-4399-B18E-3D9B8FFC1593}.Debug|Mixed Platforms.Build.0 = Debug|Any CPU
		{39262D47-1E60-4399-B18E-3D9B8FFC1593}.Debug|Win32.ActiveCfg = Debug|Any CPU
		{39262D47-1E60-4399-B18E-3D9B8FFC1593}.Debug|x64.ActiveCfg = Debug|Any CPU
		{39262D47-1E60-4399-B18E-3D9B8FFC1593}.Debug|x86.ActiveCfg = Debug|Any CPU
		{39262D47-1E60-4399-B18E-3D9B8FFC1593}.Release|Any CPU.ActiveCfg = Release|Any CPU
		{39262D47-1E60-4399-B18E-3D9B8FFC1593}.Release|Any CPU.Build.0 = Release|Any CPU
		{39262D47-1E60-4399-B18E-3D9B8FFC1593}.Release|Mixed Platforms.ActiveCfg = Release|Any CPU
		{39262D47-1E60-4399-B18E-3D9B8FFC1593}.Release|Mixed Platforms.Build.0 = Release|Any CPU
		{39262D47-1E60-4399-B18E-3D9B8FFC1593}.Release|Win32.ActiveCfg = Release|Any CPU
		{39262D47-1E60-4399-B18E-3D9B8FFC1593}.Release|x64.ActiveCfg = Release|Any CPU
		{39262D47-1E60-4399-B18E-3D9B8FFC1593}.Release|x86.ActiveCfg = Release|Any CPU
		{2AEABE20-5E8F-4310-A228-66BD3D434683}.Debug|Any CPU.ActiveCfg = Debug|Any CPU
		{2AEABE20-5E8F-4310-A228-66BD3D434683}.Debug|Any CPU.Build.0 = Debug|Any CPU
		{2AEABE20-5E8F-4310-A228-66BD3D434683}.Debug|Mixed Platforms.ActiveCfg = Debug|Any CPU
		{2AEABE20-5E8F-4310-A228-66BD3D434683}.Debug|Mixed Platforms.Build.0 = Debug|Any CPU
		{2AEABE20-5E8F-4310-A228-66BD3D434683}.Debug|Win32.ActiveCfg = Debug|Any CPU
		{2AEABE20-5E8F-4310-A228-66BD3D434683}.Debug|x64.ActiveCfg = Debug|Any CPU
		{2AEABE20-5E8F-4310-A228-66BD3D434683}.Debug|x86.ActiveCfg = Debug|Any CPU
		{2AEABE20-5E8F-4310-A228-66BD3D434683}.Release|Any CPU.ActiveCfg = Release|Any CPU
		{2AEABE20-5E8F-4310-A228-66BD3D434683}.Release|Any CPU.Build.0 = Release|Any CPU
		{2AEABE20-5E8F-4310-A228-66BD3D434683}.Release|Mixed Platforms.ActiveCfg = Release|Any CPU
		{2AEABE20-5E8F-4310-A228-66BD3D434683}.Release|Mixed Platforms.Build.0 = Release|Any CPU
		{2AEABE20-5E8F-4310-A228-66BD3D434683}.Release|Win32.ActiveCfg = Release|Any CPU
		{2AEABE20-5E8F-4310-A228-66BD3D434683}.Release|x64.ActiveCfg = Release|Any CPU
		{2AEABE20-5E8F-4310-A228-66BD3D434683}.Release|x86.ActiveCfg = Release|Any CPU
		{5A22636B-D6AB-4AFA-B892-D0BB83029F15}.Debug|Any CPU.ActiveCfg = Debug|Any CPU
		{5A22636B-D6AB-4AFA-B892-D0BB83029F15}.Debug|Any CPU.Build.0 = Debug|Any CPU
		{5A22636B-D6AB-4AFA-B892-D0BB83029F15}.Debug|Mixed Platforms.ActiveCfg = Debug|Any CPU
		{5A22636B-D6AB-4AFA-B892-D0BB83029F15}.Debug|Mixed Platforms.Build.0 = Debug|Any CPU
		{5A22636B-D6AB-4AFA-B892-D0BB83029F15}.Debug|Win32.ActiveCfg = Debug|Any CPU
		{5A22636B-D6AB-4AFA-B892-D0BB83029F15}.Debug|x64.ActiveCfg = Debug|Any CPU
		{5A22636B-D6AB-4AFA-B892-D0BB83029F15}.Debug|x86.ActiveCfg = Debug|Any CPU
		{5A22636B-D6AB-4AFA-B892-D0BB83029F15}.Release|Any CPU.ActiveCfg = Release|Any CPU
		{5A22636B-D6AB-4AFA-B892-D0BB83029F15}.Release|Any CPU.Build.0 = Release|Any CPU
		{5A22636B-D6AB-4AFA-B892-D0BB83029F15}.Release|Mixed Platforms.ActiveCfg = Release|Any CPU
		{5A22636B-D6AB-4AFA-B892-D0BB83029F15}.Release|Mixed Platforms.Build.0 = Release|Any CPU
		{5A22636B-D6AB-4AFA-B892-D0BB83029F15}.Release|Win32.ActiveCfg = Release|Any CPU
		{5A22636B-D6AB-4AFA-B892-D0BB83029F15}.Release|x64.ActiveCfg = Release|Any CPU
		{5A22636B-D6AB-4AFA-B892-D0BB83029F15}.Release|x86.ActiveCfg = Release|Any CPU
		{AD8670C0-923C-4F6E-B38F-37C81FA163BC}.Debug|Any CPU.ActiveCfg = Debug|Any CPU
		{AD8670C0-923C-4F6E-B38F-37C81FA163BC}.Debug|Any CPU.Build.0 = Debug|Any CPU
		{AD8670C0-923C-4F6E-B38F-37C81FA163BC}.Debug|Mixed Platforms.ActiveCfg = Debug|Any CPU
		{AD8670C0-923C-4F6E-B38F-37C81FA163BC}.Debug|Mixed Platforms.Build.0 = Debug|Any CPU
		{AD8670C0-923C-4F6E-B38F-37C81FA163BC}.Debug|Win32.ActiveCfg = Debug|Any CPU
		{AD8670C0-923C-4F6E-B38F-37C81FA163BC}.Debug|x64.ActiveCfg = Debug|Any CPU
		{AD8670C0-923C-4F6E-B38F-37C81FA163BC}.Debug|x86.ActiveCfg = Debug|Any CPU
		{AD8670C0-923C-4F6E-B38F-37C81FA163BC}.Release|Any CPU.ActiveCfg = Release|Any CPU
		{AD8670C0-923C-4F6E-B38F-37C81FA163BC}.Release|Any CPU.Build.0 = Release|Any CPU
		{AD8670C0-923C-4F6E-B38F-37C81FA163BC}.Release|Mixed Platforms.ActiveCfg = Release|Any CPU
		{AD8670C0-923C-4F6E-B38F-37C81FA163BC}.Release|Mixed Platforms.Build.0 = Release|Any CPU
		{AD8670C0-923C-4F6E-B38F-37C81FA163BC}.Release|Win32.ActiveCfg = Release|Any CPU
		{AD8670C0-923C-4F6E-B38F-37C81FA163BC}.Release|x64.ActiveCfg = Release|Any CPU
		{AD8670C0-923C-4F6E-B38F-37C81FA163BC}.Release|x86.ActiveCfg = Release|Any CPU
		{1D8BC5DD-266D-47D0-B973-601C631B1620}.Debug|Any CPU.ActiveCfg = Debug|Any CPU
		{1D8BC5DD-266D-47D0-B973-601C631B1620}.Debug|Any CPU.Build.0 = Debug|Any CPU
		{1D8BC5DD-266D-47D0-B973-601C631B1620}.Debug|Mixed Platforms.ActiveCfg = Debug|Any CPU
		{1D8BC5DD-266D-47D0-B973-601C631B1620}.Debug|Mixed Platforms.Build.0 = Debug|Any CPU
		{1D8BC5DD-266D-47D0-B973-601C631B1620}.Debug|Win32.ActiveCfg = Debug|Any CPU
		{1D8BC5DD-266D-47D0-B973-601C631B1620}.Debug|x64.ActiveCfg = Debug|Any CPU
		{1D8BC5DD-266D-47D0-B973-601C631B1620}.Debug|x86.ActiveCfg = Debug|Any CPU
		{1D8BC5DD-266D-47D0-B973-601C631B1620}.Release|Any CPU.ActiveCfg = Release|Any CPU
		{1D8BC5DD-266D-47D0-B973-601C631B1620}.Release|Any CPU.Build.0 = Release|Any CPU
		{1D8BC5DD-266D-47D0-B973-601C631B1620}.Release|Mixed Platforms.ActiveCfg = Release|Any CPU
		{1D8BC5DD-266D-47D0-B973-601C631B1620}.Release|Mixed Platforms.Build.0 = Release|Any CPU
		{1D8BC5DD-266D-47D0-B973-601C631B1620}.Release|Win32.ActiveCfg = Release|Any CPU
		{1D8BC5DD-266D-47D0-B973-601C631B1620}.Release|x64.ActiveCfg = Release|Any CPU
		{1D8BC5DD-266D-47D0-B973-601C631B1620}.Release|x86.ActiveCfg = Release|Any CPU
		{D72F14A9-4848-4405-AA6E-99EBF8213609}.Debug|Any CPU.ActiveCfg = Debug|Any CPU
		{D72F14A9-4848-4405-AA6E-99EBF8213609}.Debug|Any CPU.Build.0 = Debug|Any CPU
		{D72F14A9-4848-4405-AA6E-99EBF8213609}.Debug|Mixed Platforms.ActiveCfg = Debug|Any CPU
		{D72F14A9-4848-4405-AA6E-99EBF8213609}.Debug|Mixed Platforms.Build.0 = Debug|Any CPU
		{D72F14A9-4848-4405-AA6E-99EBF8213609}.Debug|Win32.ActiveCfg = Debug|Any CPU
		{D72F14A9-4848-4405-AA6E-99EBF8213609}.Debug|x64.ActiveCfg = Debug|Any CPU
		{D72F14A9-4848-4405-AA6E-99EBF8213609}.Debug|x86.ActiveCfg = Debug|Any CPU
		{D72F14A9-4848-4405-AA6E-99EBF8213609}.Release|Any CPU.ActiveCfg = Release|Any CPU
		{D72F14A9-4848-4405-AA6E-99EBF8213609}.Release|Any CPU.Build.0 = Release|Any CPU
		{D72F14A9-4848-4405-AA6E-99EBF8213609}.Release|Mixed Platforms.ActiveCfg = Release|Any CPU
		{D72F14A9-4848-4405-AA6E-99EBF8213609}.Release|Mixed Platforms.Build.0 = Release|Any CPU
		{D72F14A9-4848-4405-AA6E-99EBF8213609}.Release|Win32.ActiveCfg = Release|Any CPU
		{D72F14A9-4848-4405-AA6E-99EBF8213609}.Release|x64.ActiveCfg = Release|Any CPU
		{D72F14A9-4848-4405-AA6E-99EBF8213609}.Release|x86.ActiveCfg = Release|Any CPU
		{D93EE329-68D8-48FE-873E-E632B12D5B03}.Debug|Any CPU.ActiveCfg = Debug|Any CPU
		{D93EE329-68D8-48FE-873E-E632B12D5B03}.Debug|Any CPU.Build.0 = Debug|Any CPU
		{D93EE329-68D8-48FE-873E-E632B12D5B03}.Debug|Mixed Platforms.ActiveCfg = Debug|Any CPU
		{D93EE329-68D8-48FE-873E-E632B12D5B03}.Debug|Mixed Platforms.Build.0 = Debug|Any CPU
		{D93EE329-68D8-48FE-873E-E632B12D5B03}.Debug|Win32.ActiveCfg = Debug|Any CPU
		{D93EE329-68D8-48FE-873E-E632B12D5B03}.Debug|x64.ActiveCfg = Debug|Any CPU
		{D93EE329-68D8-48FE-873E-E632B12D5B03}.Debug|x86.ActiveCfg = Debug|Any CPU
		{D93EE329-68D8-48FE-873E-E632B12D5B03}.Release|Any CPU.ActiveCfg = Release|Any CPU
		{D93EE329-68D8-48FE-873E-E632B12D5B03}.Release|Any CPU.Build.0 = Release|Any CPU
		{D93EE329-68D8-48FE-873E-E632B12D5B03}.Release|Mixed Platforms.ActiveCfg = Release|Any CPU
		{D93EE329-68D8-48FE-873E-E632B12D5B03}.Release|Mixed Platforms.Build.0 = Release|Any CPU
		{D93EE329-68D8-48FE-873E-E632B12D5B03}.Release|Win32.ActiveCfg = Release|Any CPU
		{D93EE329-68D8-48FE-873E-E632B12D5B03}.Release|x64.ActiveCfg = Release|Any CPU
		{D93EE329-68D8-48FE-873E-E632B12D5B03}.Release|x86.ActiveCfg = Release|Any CPU
		{0BFA173E-D007-4582-BAC9-88162FCE2FBD}.Debug|Any CPU.ActiveCfg = Debug|Any CPU
		{0BFA173E-D007-4582-BAC9-88162FCE2FBD}.Debug|Any CPU.Build.0 = Debug|Any CPU
		{0BFA173E-D007-4582-BAC9-88162FCE2FBD}.Debug|Mixed Platforms.ActiveCfg = Debug|Any CPU
		{0BFA173E-D007-4582-BAC9-88162FCE2FBD}.Debug|Mixed Platforms.Build.0 = Debug|Any CPU
		{0BFA173E-D007-4582-BAC9-88162FCE2FBD}.Debug|Win32.ActiveCfg = Debug|Any CPU
		{0BFA173E-D007-4582-BAC9-88162FCE2FBD}.Debug|x64.ActiveCfg = Debug|Any CPU
		{0BFA173E-D007-4582-BAC9-88162FCE2FBD}.Debug|x86.ActiveCfg = Debug|Any CPU
		{0BFA173E-D007-4582-BAC9-88162FCE2FBD}.Release|Any CPU.ActiveCfg = Release|Any CPU
		{0BFA173E-D007-4582-BAC9-88162FCE2FBD}.Release|Any CPU.Build.0 = Release|Any CPU
		{0BFA173E-D007-4582-BAC9-88162FCE2FBD}.Release|Mixed Platforms.ActiveCfg = Release|Any CPU
		{0BFA173E-D007-4582-BAC9-88162FCE2FBD}.Release|Mixed Platforms.Build.0 = Release|Any CPU
		{0BFA173E-D007-4582-BAC9-88162FCE2FBD}.Release|Win32.ActiveCfg = Release|Any CPU
		{0BFA173E-D007-4582-BAC9-88162FCE2FBD}.Release|x64.ActiveCfg = Release|Any CPU
		{0BFA173E-D007-4582-BAC9-88162FCE2FBD}.Release|x86.ActiveCfg = Release|Any CPU
		{28619ECB-99C1-463C-9BEB-98EE74D594E7}.Debug|Any CPU.ActiveCfg = Debug|Any CPU
		{28619ECB-99C1-463C-9BEB-98EE74D594E7}.Debug|Any CPU.Build.0 = Debug|Any CPU
		{28619ECB-99C1-463C-9BEB-98EE74D594E7}.Debug|Mixed Platforms.ActiveCfg = Debug|Any CPU
		{28619ECB-99C1-463C-9BEB-98EE74D594E7}.Debug|Mixed Platforms.Build.0 = Debug|Any CPU
		{28619ECB-99C1-463C-9BEB-98EE74D594E7}.Debug|Win32.ActiveCfg = Debug|Any CPU
		{28619ECB-99C1-463C-9BEB-98EE74D594E7}.Debug|x64.ActiveCfg = Debug|Any CPU
		{28619ECB-99C1-463C-9BEB-98EE74D594E7}.Debug|x86.ActiveCfg = Debug|Any CPU
		{28619ECB-99C1-463C-9BEB-98EE74D594E7}.Release|Any CPU.ActiveCfg = Release|Any CPU
		{28619ECB-99C1-463C-9BEB-98EE74D594E7}.Release|Any CPU.Build.0 = Release|Any CPU
		{28619ECB-99C1-463C-9BEB-98EE74D594E7}.Release|Mixed Platforms.ActiveCfg = Release|Any CPU
		{28619ECB-99C1-463C-9BEB-98EE74D594E7}.Release|Mixed Platforms.Build.0 = Release|Any CPU
		{28619ECB-99C1-463C-9BEB-98EE74D594E7}.Release|Win32.ActiveCfg = Release|Any CPU
		{28619ECB-99C1-463C-9BEB-98EE74D594E7}.Release|x64.ActiveCfg = Release|Any CPU
		{28619ECB-99C1-463C-9BEB-98EE74D594E7}.Release|x86.ActiveCfg = Release|Any CPU
		{5A62B1D9-F0F9-45D1-9CDB-ABAE7122359C}.Debug|Any CPU.ActiveCfg = Debug|Any CPU
		{5A62B1D9-F0F9-45D1-9CDB-ABAE7122359C}.Debug|Any CPU.Build.0 = Debug|Any CPU
		{5A62B1D9-F0F9-45D1-9CDB-ABAE7122359C}.Debug|Mixed Platforms.ActiveCfg = Debug|Any CPU
		{5A62B1D9-F0F9-45D1-9CDB-ABAE7122359C}.Debug|Mixed Platforms.Build.0 = Debug|Any CPU
		{5A62B1D9-F0F9-45D1-9CDB-ABAE7122359C}.Debug|Win32.ActiveCfg = Debug|Any CPU
		{5A62B1D9-F0F9-45D1-9CDB-ABAE7122359C}.Debug|x64.ActiveCfg = Debug|Any CPU
		{5A62B1D9-F0F9-45D1-9CDB-ABAE7122359C}.Debug|x86.ActiveCfg = Debug|Any CPU
		{5A62B1D9-F0F9-45D1-9CDB-ABAE7122359C}.Release|Any CPU.ActiveCfg = Release|Any CPU
		{5A62B1D9-F0F9-45D1-9CDB-ABAE7122359C}.Release|Any CPU.Build.0 = Release|Any CPU
		{5A62B1D9-F0F9-45D1-9CDB-ABAE7122359C}.Release|Mixed Platforms.ActiveCfg = Release|Any CPU
		{5A62B1D9-F0F9-45D1-9CDB-ABAE7122359C}.Release|Mixed Platforms.Build.0 = Release|Any CPU
		{5A62B1D9-F0F9-45D1-9CDB-ABAE7122359C}.Release|Win32.ActiveCfg = Release|Any CPU
		{5A62B1D9-F0F9-45D1-9CDB-ABAE7122359C}.Release|x64.ActiveCfg = Release|Any CPU
		{5A62B1D9-F0F9-45D1-9CDB-ABAE7122359C}.Release|x86.ActiveCfg = Release|Any CPU
		{33C9374E-433D-45D9-BD06-FD534B5D70A2}.Debug|Any CPU.ActiveCfg = Debug|Any CPU
		{33C9374E-433D-45D9-BD06-FD534B5D70A2}.Debug|Any CPU.Build.0 = Debug|Any CPU
		{33C9374E-433D-45D9-BD06-FD534B5D70A2}.Debug|Mixed Platforms.ActiveCfg = Debug|Any CPU
		{33C9374E-433D-45D9-BD06-FD534B5D70A2}.Debug|Mixed Platforms.Build.0 = Debug|Any CPU
		{33C9374E-433D-45D9-BD06-FD534B5D70A2}.Debug|Win32.ActiveCfg = Debug|Any CPU
		{33C9374E-433D-45D9-BD06-FD534B5D70A2}.Debug|x64.ActiveCfg = Debug|Any CPU
		{33C9374E-433D-45D9-BD06-FD534B5D70A2}.Debug|x86.ActiveCfg = Debug|Any CPU
		{33C9374E-433D-45D9-BD06-FD534B5D70A2}.Release|Any CPU.ActiveCfg = Release|Any CPU
		{33C9374E-433D-45D9-BD06-FD534B5D70A2}.Release|Any CPU.Build.0 = Release|Any CPU
		{33C9374E-433D-45D9-BD06-FD534B5D70A2}.Release|Mixed Platforms.ActiveCfg = Release|Any CPU
		{33C9374E-433D-45D9-BD06-FD534B5D70A2}.Release|Mixed Platforms.Build.0 = Release|Any CPU
		{33C9374E-433D-45D9-BD06-FD534B5D70A2}.Release|Win32.ActiveCfg = Release|Any CPU
		{33C9374E-433D-45D9-BD06-FD534B5D70A2}.Release|x64.ActiveCfg = Release|Any CPU
		{33C9374E-433D-45D9-BD06-FD534B5D70A2}.Release|x86.ActiveCfg = Release|Any CPU
		{DCF80199-C116-49F7-9253-866295108331}.Debug|Any CPU.ActiveCfg = Debug|x86
		{DCF80199-C116-49F7-9253-866295108331}.Debug|Mixed Platforms.ActiveCfg = Debug|x86
		{DCF80199-C116-49F7-9253-866295108331}.Debug|Mixed Platforms.Build.0 = Debug|x86
		{DCF80199-C116-49F7-9253-866295108331}.Debug|Win32.ActiveCfg = Debug|x86
		{DCF80199-C116-49F7-9253-866295108331}.Debug|Win32.Build.0 = Debug|x86
		{DCF80199-C116-49F7-9253-866295108331}.Debug|x64.ActiveCfg = Debug|x86
		{DCF80199-C116-49F7-9253-866295108331}.Debug|x86.ActiveCfg = Debug|x86
		{DCF80199-C116-49F7-9253-866295108331}.Debug|x86.Build.0 = Debug|x86
		{DCF80199-C116-49F7-9253-866295108331}.Release|Any CPU.ActiveCfg = Release|x86
		{DCF80199-C116-49F7-9253-866295108331}.Release|Mixed Platforms.ActiveCfg = Release|x86
		{DCF80199-C116-49F7-9253-866295108331}.Release|Mixed Platforms.Build.0 = Release|x86
		{DCF80199-C116-49F7-9253-866295108331}.Release|Win32.ActiveCfg = Release|x86
		{DCF80199-C116-49F7-9253-866295108331}.Release|Win32.Build.0 = Release|x86
		{DCF80199-C116-49F7-9253-866295108331}.Release|x64.ActiveCfg = Release|x86
		{DCF80199-C116-49F7-9253-866295108331}.Release|x86.ActiveCfg = Release|x86
		{DCF80199-C116-49F7-9253-866295108331}.Release|x86.Build.0 = Release|x86
		{017710B5-7EAE-4BEF-9483-AF1872711F76}.Debug|Any CPU.ActiveCfg = Debug|Any CPU
		{017710B5-7EAE-4BEF-9483-AF1872711F76}.Debug|Any CPU.Build.0 = Debug|Any CPU
		{017710B5-7EAE-4BEF-9483-AF1872711F76}.Debug|Mixed Platforms.ActiveCfg = Debug|Any CPU
		{017710B5-7EAE-4BEF-9483-AF1872711F76}.Debug|Mixed Platforms.Build.0 = Debug|Any CPU
		{017710B5-7EAE-4BEF-9483-AF1872711F76}.Debug|Win32.ActiveCfg = Debug|Any CPU
		{017710B5-7EAE-4BEF-9483-AF1872711F76}.Debug|x64.ActiveCfg = Debug|Any CPU
		{017710B5-7EAE-4BEF-9483-AF1872711F76}.Debug|x86.ActiveCfg = Debug|Any CPU
		{017710B5-7EAE-4BEF-9483-AF1872711F76}.Release|Any CPU.ActiveCfg = Release|Any CPU
		{017710B5-7EAE-4BEF-9483-AF1872711F76}.Release|Any CPU.Build.0 = Release|Any CPU
		{017710B5-7EAE-4BEF-9483-AF1872711F76}.Release|Mixed Platforms.ActiveCfg = Release|Any CPU
		{017710B5-7EAE-4BEF-9483-AF1872711F76}.Release|Mixed Platforms.Build.0 = Release|Any CPU
		{017710B5-7EAE-4BEF-9483-AF1872711F76}.Release|Win32.ActiveCfg = Release|Any CPU
		{017710B5-7EAE-4BEF-9483-AF1872711F76}.Release|x64.ActiveCfg = Release|Any CPU
		{017710B5-7EAE-4BEF-9483-AF1872711F76}.Release|x86.ActiveCfg = Release|Any CPU
		{D5D09FC0-0C7F-4A1E-AD3D-79C1BBC6CEEB}.Debug|Any CPU.ActiveCfg = Debug|Win32
		{D5D09FC0-0C7F-4A1E-AD3D-79C1BBC6CEEB}.Debug|Mixed Platforms.ActiveCfg = Release|x64
		{D5D09FC0-0C7F-4A1E-AD3D-79C1BBC6CEEB}.Debug|Mixed Platforms.Build.0 = Release|x64
		{D5D09FC0-0C7F-4A1E-AD3D-79C1BBC6CEEB}.Debug|Win32.ActiveCfg = Debug|Win32
		{D5D09FC0-0C7F-4A1E-AD3D-79C1BBC6CEEB}.Debug|Win32.Build.0 = Debug|Win32
		{D5D09FC0-0C7F-4A1E-AD3D-79C1BBC6CEEB}.Debug|x64.ActiveCfg = Debug|x64
		{D5D09FC0-0C7F-4A1E-AD3D-79C1BBC6CEEB}.Debug|x64.Build.0 = Debug|x64
		{D5D09FC0-0C7F-4A1E-AD3D-79C1BBC6CEEB}.Debug|x86.ActiveCfg = Debug|Win32
		{D5D09FC0-0C7F-4A1E-AD3D-79C1BBC6CEEB}.Debug|x86.Build.0 = Debug|Win32
		{D5D09FC0-0C7F-4A1E-AD3D-79C1BBC6CEEB}.Release|Any CPU.ActiveCfg = Release|Win32
		{D5D09FC0-0C7F-4A1E-AD3D-79C1BBC6CEEB}.Release|Mixed Platforms.ActiveCfg = Release|x64
		{D5D09FC0-0C7F-4A1E-AD3D-79C1BBC6CEEB}.Release|Mixed Platforms.Build.0 = Release|x64
		{D5D09FC0-0C7F-4A1E-AD3D-79C1BBC6CEEB}.Release|Win32.ActiveCfg = Release|Win32
		{D5D09FC0-0C7F-4A1E-AD3D-79C1BBC6CEEB}.Release|Win32.Build.0 = Release|Win32
		{D5D09FC0-0C7F-4A1E-AD3D-79C1BBC6CEEB}.Release|x64.ActiveCfg = Release|x64
		{D5D09FC0-0C7F-4A1E-AD3D-79C1BBC6CEEB}.Release|x64.Build.0 = Release|x64
		{D5D09FC0-0C7F-4A1E-AD3D-79C1BBC6CEEB}.Release|x86.ActiveCfg = Release|Win32
		{D5D09FC0-0C7F-4A1E-AD3D-79C1BBC6CEEB}.Release|x86.Build.0 = Release|Win32
		{1FED39FE-3A83-46B3-91A0-4A733D902847}.Debug|Any CPU.ActiveCfg = Debug|Any CPU
		{1FED39FE-3A83-46B3-91A0-4A733D902847}.Debug|Any CPU.Build.0 = Debug|Any CPU
		{1FED39FE-3A83-46B3-91A0-4A733D902847}.Debug|Mixed Platforms.ActiveCfg = Debug|Any CPU
		{1FED39FE-3A83-46B3-91A0-4A733D902847}.Debug|Mixed Platforms.Build.0 = Debug|Any CPU
		{1FED39FE-3A83-46B3-91A0-4A733D902847}.Debug|Win32.ActiveCfg = Debug|Any CPU
		{1FED39FE-3A83-46B3-91A0-4A733D902847}.Debug|x64.ActiveCfg = Debug|Any CPU
		{1FED39FE-3A83-46B3-91A0-4A733D902847}.Debug|x86.ActiveCfg = Debug|Any CPU
		{1FED39FE-3A83-46B3-91A0-4A733D902847}.Release|Any CPU.ActiveCfg = Release|Any CPU
		{1FED39FE-3A83-46B3-91A0-4A733D902847}.Release|Any CPU.Build.0 = Release|Any CPU
		{1FED39FE-3A83-46B3-91A0-4A733D902847}.Release|Mixed Platforms.ActiveCfg = Release|Any CPU
		{1FED39FE-3A83-46B3-91A0-4A733D902847}.Release|Mixed Platforms.Build.0 = Release|Any CPU
		{1FED39FE-3A83-46B3-91A0-4A733D902847}.Release|Win32.ActiveCfg = Release|Any CPU
		{1FED39FE-3A83-46B3-91A0-4A733D902847}.Release|x64.ActiveCfg = Release|Any CPU
		{1FED39FE-3A83-46B3-91A0-4A733D902847}.Release|x86.ActiveCfg = Release|Any CPU
		{AEE8F16E-54F2-4318-8218-1096EBAED7EA}.Debug|Any CPU.ActiveCfg = Debug|Win32
		{AEE8F16E-54F2-4318-8218-1096EBAED7EA}.Debug|Mixed Platforms.ActiveCfg = Debug|x64
		{AEE8F16E-54F2-4318-8218-1096EBAED7EA}.Debug|Mixed Platforms.Build.0 = Debug|x64
		{AEE8F16E-54F2-4318-8218-1096EBAED7EA}.Debug|Win32.ActiveCfg = Debug|Win32
		{AEE8F16E-54F2-4318-8218-1096EBAED7EA}.Debug|Win32.Build.0 = Debug|Win32
		{AEE8F16E-54F2-4318-8218-1096EBAED7EA}.Debug|x64.ActiveCfg = Debug|Win32
		{AEE8F16E-54F2-4318-8218-1096EBAED7EA}.Debug|x86.ActiveCfg = Debug|Win32
		{AEE8F16E-54F2-4318-8218-1096EBAED7EA}.Debug|x86.Build.0 = Debug|Win32
		{AEE8F16E-54F2-4318-8218-1096EBAED7EA}.Release|Any CPU.ActiveCfg = Release|Win32
		{AEE8F16E-54F2-4318-8218-1096EBAED7EA}.Release|Mixed Platforms.ActiveCfg = Release|x64
		{AEE8F16E-54F2-4318-8218-1096EBAED7EA}.Release|Mixed Platforms.Build.0 = Release|x64
		{AEE8F16E-54F2-4318-8218-1096EBAED7EA}.Release|Win32.ActiveCfg = Release|Win32
		{AEE8F16E-54F2-4318-8218-1096EBAED7EA}.Release|Win32.Build.0 = Release|Win32
		{AEE8F16E-54F2-4318-8218-1096EBAED7EA}.Release|x64.ActiveCfg = Release|Win32
		{AEE8F16E-54F2-4318-8218-1096EBAED7EA}.Release|x86.ActiveCfg = Release|Win32
		{AEE8F16E-54F2-4318-8218-1096EBAED7EA}.Release|x86.Build.0 = Release|Win32
		{35FA5CAE-1004-49BE-B97F-443A2E1C25C8}.Debug|Any CPU.ActiveCfg = Debug|Any CPU
		{35FA5CAE-1004-49BE-B97F-443A2E1C25C8}.Debug|Any CPU.Build.0 = Debug|Any CPU
		{35FA5CAE-1004-49BE-B97F-443A2E1C25C8}.Debug|Mixed Platforms.ActiveCfg = Debug|Any CPU
		{35FA5CAE-1004-49BE-B97F-443A2E1C25C8}.Debug|Mixed Platforms.Build.0 = Debug|Any CPU
		{35FA5CAE-1004-49BE-B97F-443A2E1C25C8}.Debug|Win32.ActiveCfg = Debug|Any CPU
		{35FA5CAE-1004-49BE-B97F-443A2E1C25C8}.Debug|x64.ActiveCfg = Debug|Any CPU
		{35FA5CAE-1004-49BE-B97F-443A2E1C25C8}.Debug|x86.ActiveCfg = Debug|Any CPU
		{35FA5CAE-1004-49BE-B97F-443A2E1C25C8}.Release|Any CPU.ActiveCfg = Release|Any CPU
		{35FA5CAE-1004-49BE-B97F-443A2E1C25C8}.Release|Any CPU.Build.0 = Release|Any CPU
		{35FA5CAE-1004-49BE-B97F-443A2E1C25C8}.Release|Mixed Platforms.ActiveCfg = Release|Any CPU
		{35FA5CAE-1004-49BE-B97F-443A2E1C25C8}.Release|Mixed Platforms.Build.0 = Release|Any CPU
		{35FA5CAE-1004-49BE-B97F-443A2E1C25C8}.Release|Win32.ActiveCfg = Release|Any CPU
		{35FA5CAE-1004-49BE-B97F-443A2E1C25C8}.Release|x64.ActiveCfg = Release|Any CPU
		{35FA5CAE-1004-49BE-B97F-443A2E1C25C8}.Release|x86.ActiveCfg = Release|Any CPU
		{1345186B-AF53-4DB9-A1D9-64EC7F14EE2F}.Debug|Any CPU.ActiveCfg = Debug|Any CPU
		{1345186B-AF53-4DB9-A1D9-64EC7F14EE2F}.Debug|Any CPU.Build.0 = Debug|Any CPU
		{1345186B-AF53-4DB9-A1D9-64EC7F14EE2F}.Debug|Mixed Platforms.ActiveCfg = Debug|Any CPU
		{1345186B-AF53-4DB9-A1D9-64EC7F14EE2F}.Debug|Mixed Platforms.Build.0 = Debug|Any CPU
		{1345186B-AF53-4DB9-A1D9-64EC7F14EE2F}.Debug|Win32.ActiveCfg = Debug|Any CPU
		{1345186B-AF53-4DB9-A1D9-64EC7F14EE2F}.Debug|x64.ActiveCfg = Debug|Any CPU
		{1345186B-AF53-4DB9-A1D9-64EC7F14EE2F}.Debug|x86.ActiveCfg = Debug|Any CPU
		{1345186B-AF53-4DB9-A1D9-64EC7F14EE2F}.Release|Any CPU.ActiveCfg = Release|Any CPU
		{1345186B-AF53-4DB9-A1D9-64EC7F14EE2F}.Release|Any CPU.Build.0 = Release|Any CPU
		{1345186B-AF53-4DB9-A1D9-64EC7F14EE2F}.Release|Mixed Platforms.ActiveCfg = Release|Any CPU
		{1345186B-AF53-4DB9-A1D9-64EC7F14EE2F}.Release|Mixed Platforms.Build.0 = Release|Any CPU
		{1345186B-AF53-4DB9-A1D9-64EC7F14EE2F}.Release|Win32.ActiveCfg = Release|Any CPU
		{1345186B-AF53-4DB9-A1D9-64EC7F14EE2F}.Release|x64.ActiveCfg = Release|Any CPU
		{1345186B-AF53-4DB9-A1D9-64EC7F14EE2F}.Release|x86.ActiveCfg = Release|Any CPU
		{9CC453F9-04C5-4E34-A749-C04ADCE99BB5}.Debug|Any CPU.ActiveCfg = Debug|Any CPU
		{9CC453F9-04C5-4E34-A749-C04ADCE99BB5}.Debug|Any CPU.Build.0 = Debug|Any CPU
		{9CC453F9-04C5-4E34-A749-C04ADCE99BB5}.Debug|Mixed Platforms.ActiveCfg = Debug|Any CPU
		{9CC453F9-04C5-4E34-A749-C04ADCE99BB5}.Debug|Mixed Platforms.Build.0 = Debug|Any CPU
		{9CC453F9-04C5-4E34-A749-C04ADCE99BB5}.Debug|Win32.ActiveCfg = Debug|Any CPU
		{9CC453F9-04C5-4E34-A749-C04ADCE99BB5}.Debug|x64.ActiveCfg = Debug|Any CPU
		{9CC453F9-04C5-4E34-A749-C04ADCE99BB5}.Debug|x86.ActiveCfg = Debug|Any CPU
		{9CC453F9-04C5-4E34-A749-C04ADCE99BB5}.Release|Any CPU.ActiveCfg = Release|Any CPU
		{9CC453F9-04C5-4E34-A749-C04ADCE99BB5}.Release|Any CPU.Build.0 = Release|Any CPU
		{9CC453F9-04C5-4E34-A749-C04ADCE99BB5}.Release|Mixed Platforms.ActiveCfg = Release|Any CPU
		{9CC453F9-04C5-4E34-A749-C04ADCE99BB5}.Release|Mixed Platforms.Build.0 = Release|Any CPU
		{9CC453F9-04C5-4E34-A749-C04ADCE99BB5}.Release|Win32.ActiveCfg = Release|Any CPU
		{9CC453F9-04C5-4E34-A749-C04ADCE99BB5}.Release|x64.ActiveCfg = Release|Any CPU
		{9CC453F9-04C5-4E34-A749-C04ADCE99BB5}.Release|x86.ActiveCfg = Release|Any CPU
		{9EE03764-4F87-4D27-9C2A-D54E0228C326}.Debug|Any CPU.ActiveCfg = Debug|Any CPU
		{9EE03764-4F87-4D27-9C2A-D54E0228C326}.Debug|Any CPU.Build.0 = Debug|Any CPU
		{9EE03764-4F87-4D27-9C2A-D54E0228C326}.Debug|Mixed Platforms.ActiveCfg = Debug|Any CPU
		{9EE03764-4F87-4D27-9C2A-D54E0228C326}.Debug|Mixed Platforms.Build.0 = Debug|Any CPU
		{9EE03764-4F87-4D27-9C2A-D54E0228C326}.Debug|Win32.ActiveCfg = Debug|Any CPU
		{9EE03764-4F87-4D27-9C2A-D54E0228C326}.Debug|x64.ActiveCfg = Debug|Any CPU
		{9EE03764-4F87-4D27-9C2A-D54E0228C326}.Debug|x86.ActiveCfg = Debug|Any CPU
		{9EE03764-4F87-4D27-9C2A-D54E0228C326}.Release|Any CPU.ActiveCfg = Release|Any CPU
		{9EE03764-4F87-4D27-9C2A-D54E0228C326}.Release|Any CPU.Build.0 = Release|Any CPU
		{9EE03764-4F87-4D27-9C2A-D54E0228C326}.Release|Mixed Platforms.ActiveCfg = Release|Any CPU
		{9EE03764-4F87-4D27-9C2A-D54E0228C326}.Release|Mixed Platforms.Build.0 = Release|Any CPU
		{9EE03764-4F87-4D27-9C2A-D54E0228C326}.Release|Win32.ActiveCfg = Release|Any CPU
		{9EE03764-4F87-4D27-9C2A-D54E0228C326}.Release|x64.ActiveCfg = Release|Any CPU
		{9EE03764-4F87-4D27-9C2A-D54E0228C326}.Release|x86.ActiveCfg = Release|Any CPU
	EndGlobalSection
	GlobalSection(SolutionProperties) = preSolution
		HideSolutionNode = FALSE
	EndGlobalSection
	GlobalSection(NestedProjects) = preSolution
		{2AEABE20-5E8F-4310-A228-66BD3D434683} = {1991DECE-92BB-4567-AD64-14CA40FFB49F}
		{5A22636B-D6AB-4AFA-B892-D0BB83029F15} = {1991DECE-92BB-4567-AD64-14CA40FFB49F}
		{AD8670C0-923C-4F6E-B38F-37C81FA163BC} = {1991DECE-92BB-4567-AD64-14CA40FFB49F}
		{1D8BC5DD-266D-47D0-B973-601C631B1620} = {1991DECE-92BB-4567-AD64-14CA40FFB49F}
		{D72F14A9-4848-4405-AA6E-99EBF8213609} = {1991DECE-92BB-4567-AD64-14CA40FFB49F}
		{D93EE329-68D8-48FE-873E-E632B12D5B03} = {1991DECE-92BB-4567-AD64-14CA40FFB49F}
		{0BFA173E-D007-4582-BAC9-88162FCE2FBD} = {1991DECE-92BB-4567-AD64-14CA40FFB49F}
		{28619ECB-99C1-463C-9BEB-98EE74D594E7} = {1991DECE-92BB-4567-AD64-14CA40FFB49F}
		{DCF80199-C116-49F7-9253-866295108331} = {1991DECE-92BB-4567-AD64-14CA40FFB49F}
		{D5D09FC0-0C7F-4A1E-AD3D-79C1BBC6CEEB} = {9D823FFF-BB56-4FC8-A564-A729098B7634}
		{1FED39FE-3A83-46B3-91A0-4A733D902847} = {9D823FFF-BB56-4FC8-A564-A729098B7634}
		{AEE8F16E-54F2-4318-8218-1096EBAED7EA} = {9D823FFF-BB56-4FC8-A564-A729098B7634}
		{35FA5CAE-1004-49BE-B97F-443A2E1C25C8} = {9D823FFF-BB56-4FC8-A564-A729098B7634}
	EndGlobalSection
	GlobalSection(ExtensibilityGlobals) = postSolution
		EnterpriseLibraryConfigurationToolBinariesPath = packages\Unity.2.1.505.0\lib\NET35;packages\Unity.Interception.2.1.505.0\lib\NET35;packages\EnterpriseLibrary.Common.5.0.505.0\lib\NET35;packages\EnterpriseLibrary.ExceptionHandling.5.0.505.0\lib\NET35;packages\EnterpriseLibrary.Logging.5.0.505.0\lib\NET35;packages\EnterpriseLibrary.ExceptionHandling.Logging.5.0.505.0\lib\NET35
		EnterpriseLibraryConfigurationToolBinariesPathV6 = packages\EnterpriseLibrary.Common.6.0.1304.0\lib\NET45;packages\EnterpriseLibrary.ExceptionHandling.6.0.1304.0\lib\NET45;packages\EnterpriseLibrary.Logging.6.0.1304.0\lib\NET45;packages\EnterpriseLibrary.ExceptionHandling.Logging.6.0.1304.0\lib\NET45
	EndGlobalSection
EndGlobal
